
Microsoft Visual Studio Solution File, Format Version 12.00
# Visual Studio 15
Project("{FAE04EC0-301F-11D3-BF4B-00C04F79EFBC}") = "Assembly-CSharp", "Assembly-CSharp.csproj", "{439EB502-54EC-0D62-74A0-B3F5EA6A89D6}"
EndProject
Project("{FAE04EC0-301F-11D3-BF4B-00C04F79EFBC}") = "Assembly-CSharp-Editor", "Assembly-CSharp-Editor.csproj", "{E176E824-5FFC-B834-756E-944919E378E0}"
EndProject
Global
	GlobalSection(SolutionConfigurationPlatforms) = preSolution
		Debug|Any CPU = Debug|Any CPU
		Release|Any CPU = Release|Any CPU
	EndGlobalSection
	GlobalSection(ProjectConfigurationPlatforms) = postSolution
		{439EB502-54EC-0D62-74A0-B3F5EA6A89D6}.Debug|Any CPU.ActiveCfg = Debug|Any CPU
		{439EB502-54EC-0D62-74A0-B3F5EA6A89D6}.Debug|Any CPU.Build.0 = Debug|Any CPU
		{439EB502-54EC-0D62-74A0-B3F5EA6A89D6}.Release|Any CPU.ActiveCfg = Release|Any CPU
		{439EB502-54EC-0D62-74A0-B3F5EA6A89D6}.Release|Any CPU.Build.0 = Release|Any CPU
		{E176E824-5FFC-B834-756E-944919E378E0}.Debug|Any CPU.ActiveCfg = Debug|Any CPU
		{E176E824-5FFC-B834-756E-944919E378E0}.Debug|Any CPU.Build.0 = Debug|Any CPU
		{E176E824-5FFC-B834-756E-944919E378E0}.Release|Any CPU.ActiveCfg = Release|Any CPU
		{E176E824-5FFC-B834-756E-944919E378E0}.Release|Any CPU.Build.0 = Release|Any CPU
	EndGlobalSection
	GlobalSection(SolutionProperties) = preSolution
		HideSolutionNode = FALSE
	EndGlobalSection
EndGlobal
